// !$*UTF8*$!
{
	archiveVersion = 1;
	classes = {
	};
	objectVersion = 50;
	objects = {

/* Begin PBXBuildFile section */
		668C2D0320E310A00054D333 /* SettingsViewController.m in Sources */ = {isa = PBXBuildFile; fileRef = 668C2D0220E310A00054D333 /* SettingsViewController.m */; };
		66EE0E1820E2D6EC0071FECF /* AppDelegate.m in Sources */ = {isa = PBXBuildFile; fileRef = 66EE0E1720E2D6EC0071FECF /* AppDelegate.m */; };
		66EE0E1B20E2D6EC0071FECF /* ViewController.m in Sources */ = {isa = PBXBuildFile; fileRef = 66EE0E1A20E2D6EC0071FECF /* ViewController.m */; };
		66EE0E1E20E2D6EC0071FECF /* Main.storyboard in Resources */ = {isa = PBXBuildFile; fileRef = 66EE0E1C20E2D6EC0071FECF /* Main.storyboard */; };
		66EE0E2020E2D6ED0071FECF /* Assets.xcassets in Resources */ = {isa = PBXBuildFile; fileRef = 66EE0E1F20E2D6ED0071FECF /* Assets.xcassets */; };
		66EE0E2320E2D6ED0071FECF /* LaunchScreen.storyboard in Resources */ = {isa = PBXBuildFile; fileRef = 66EE0E2120E2D6ED0071FECF /* LaunchScreen.storyboard */; };
		66EE0E2620E2D6ED0071FECF /* main.m in Sources */ = {isa = PBXBuildFile; fileRef = 66EE0E2520E2D6ED0071FECF /* main.m */; };
		66EE0E3020E2D6ED0071FECF /* TipsterTests.m in Sources */ = {isa = PBXBuildFile; fileRef = 66EE0E2F20E2D6ED0071FECF /* TipsterTests.m */; };
		66EE0E3B20E2D6ED0071FECF /* TipsterUITests.m in Sources */ = {isa = PBXBuildFile; fileRef = 66EE0E3A20E2D6ED0071FECF /* TipsterUITests.m */; };
/* End PBXBuildFile section */

/* Begin PBXContainerItemProxy section */
		66EE0E2C20E2D6ED0071FECF /* PBXContainerItemProxy */ = {
			isa = PBXContainerItemProxy;
			containerPortal = 66EE0E0B20E2D6EC0071FECF /* Project object */;
			proxyType = 1;
			remoteGlobalIDString = 66EE0E1220E2D6EC0071FECF;
			remoteInfo = Tipster;
		};
		66EE0E3720E2D6ED0071FECF /* PBXContainerItemProxy */ = {
			isa = PBXContainerItemProxy;
			containerPortal = 66EE0E0B20E2D6EC0071FECF /* Project object */;
			proxyType = 1;
			remoteGlobalIDString = 66EE0E1220E2D6EC0071FECF;
			remoteInfo = Tipster;
		};
/* End PBXContainerItemProxy section */

/* Begin PBXFileReference section */
		668C2D0120E310A00054D333 /* SettingsViewController.h */ = {isa = PBXFileReference; lastKnownFileType = sourcecode.c.h; path = SettingsViewController.h; sourceTree = "<group>"; };
		668C2D0220E310A00054D333 /* SettingsViewController.m */ = {isa = PBXFileReference; lastKnownFileType = sourcecode.c.objc; path = SettingsViewController.m; sourceTree = "<group>"; };
		66EE0E1320E2D6EC0071FECF /* Tipster.app */ = {isa = PBXFileReference; explicitFileType = wrapper.application; includeInIndex = 0; path = Tipster.app; sourceTree = BUILT_PRODUCTS_DIR; };
		66EE0E1620E2D6EC0071FECF /* AppDelegate.h */ = {isa = PBXFileReference; lastKnownFileType = sourcecode.c.h; path = AppDelegate.h; sourceTree = "<group>"; };
		66EE0E1720E2D6EC0071FECF /* AppDelegate.m */ = {isa = PBXFileReference; lastKnownFileType = sourcecode.c.objc; path = AppDelegate.m; sourceTree = "<group>"; };
		66EE0E1920E2D6EC0071FECF /* ViewController.h */ = {isa = PBXFileReference; lastKnownFileType = sourcecode.c.h; path = ViewController.h; sourceTree = "<group>"; };
		66EE0E1A20E2D6EC0071FECF /* ViewController.m */ = {isa = PBXFileReference; lastKnownFileType = sourcecode.c.objc; path = ViewController.m; sourceTree = "<group>"; };
		66EE0E1D20E2D6EC0071FECF /* Base */ = {isa = PBXFileReference; lastKnownFileType = file.storyboard; name = Base; path = Base.lproj/Main.storyboard; sourceTree = "<group>"; };
		66EE0E1F20E2D6ED0071FECF /* Assets.xcassets */ = {isa = PBXFileReference; lastKnownFileType = folder.assetcatalog; path = Assets.xcassets; sourceTree = "<group>"; };
		66EE0E2220E2D6ED0071FECF /* Base */ = {isa = PBXFileReference; lastKnownFileType = file.storyboard; name = Base; path = Base.lproj/LaunchScreen.storyboard; sourceTree = "<group>"; };
		66EE0E2420E2D6ED0071FECF /* Info.plist */ = {isa = PBXFileReference; lastKnownFileType = text.plist.xml; path = Info.plist; sourceTree = "<group>"; };
		66EE0E2520E2D6ED0071FECF /* main.m */ = {isa = PBXFileReference; lastKnownFileType = sourcecode.c.objc; path = main.m; sourceTree = "<group>"; };
		66EE0E2B20E2D6ED0071FECF /* TipsterTests.xctest */ = {isa = PBXFileReference; explicitFileType = wrapper.cfbundle; includeInIndex = 0; path = TipsterTests.xctest; sourceTree = BUILT_PRODUCTS_DIR; };
		66EE0E2F20E2D6ED0071FECF /* TipsterTests.m */ = {isa = PBXFileReference; lastKnownFileType = sourcecode.c.objc; path = TipsterTests.m; sourceTree = "<group>"; };
		66EE0E3120E2D6ED0071FECF /* Info.plist */ = {isa = PBXFileReference; lastKnownFileType = text.plist.xml; path = Info.plist; sourceTree = "<group>"; };
		66EE0E3620E2D6ED0071FECF /* TipsterUITests.xctest */ = {isa = PBXFileReference; explicitFileType = wrapper.cfbundle; includeInIndex = 0; path = TipsterUITests.xctest; sourceTree = BUILT_PRODUCTS_DIR; };
		66EE0E3A20E2D6ED0071FECF /* TipsterUITests.m */ = {isa = PBXFileReference; lastKnownFileType = sourcecode.c.objc; path = TipsterUITests.m; sourceTree = "<group>"; };
		66EE0E3C20E2D6ED0071FECF /* Info.plist */ = {isa = PBXFileReference; lastKnownFileType = text.plist.xml; path = Info.plist; sourceTree = "<group>"; };
/* End PBXFileReference section */

/* Begin PBXFrameworksBuildPhase section */
		66EE0E1020E2D6EC0071FECF /* Frameworks */ = {
			isa = PBXFrameworksBuildPhase;
			buildActionMask = 2147483647;
			files = (
			);
			runOnlyForDeploymentPostprocessing = 0;
		};
		66EE0E2820E2D6ED0071FECF /* Frameworks */ = {
			isa = PBXFrameworksBuildPhase;
			buildActionMask = 2147483647;
			files = (
			);
			runOnlyForDeploymentPostprocessing = 0;
		};
		66EE0E3320E2D6ED0071FECF /* Frameworks */ = {
			isa = PBXFrameworksBuildPhase;
			buildActionMask = 2147483647;
			files = (
			);
			runOnlyForDeploymentPostprocessing = 0;
		};
/* End PBXFrameworksBuildPhase section */

/* Begin PBXGroup section */
		66EE0E0A20E2D6EC0071FECF = {
			isa = PBXGroup;
			children = (
				66EE0E1520E2D6EC0071FECF /* Tipster */,
				66EE0E2E20E2D6ED0071FECF /* TipsterTests */,
				66EE0E3920E2D6ED0071FECF /* TipsterUITests */,
				66EE0E1420E2D6EC0071FECF /* Products */,
			);
			sourceTree = "<group>";
		};
		66EE0E1420E2D6EC0071FECF /* Products */ = {
			isa = PBXGroup;
			children = (
				66EE0E1320E2D6EC0071FECF /* Tipster.app */,
				66EE0E2B20E2D6ED0071FECF /* TipsterTests.xctest */,
				66EE0E3620E2D6ED0071FECF /* TipsterUITests.xctest */,
			);
			name = Products;
			sourceTree = "<group>";
		};
		66EE0E1520E2D6EC0071FECF /* Tipster */ = {
			isa = PBXGroup;
			children = (
				66EE0E1620E2D6EC0071FECF /* AppDelegate.h */,
				66EE0E1720E2D6EC0071FECF /* AppDelegate.m */,
				66EE0E1920E2D6EC0071FECF /* ViewController.h */,
				66EE0E1A20E2D6EC0071FECF /* ViewController.m */,
				66EE0E1C20E2D6EC0071FECF /* Main.storyboard */,
				668C2D0120E310A00054D333 /* SettingsViewController.h */,
				668C2D0220E310A00054D333 /* SettingsViewController.m */,
				66EE0E1F20E2D6ED0071FECF /* Assets.xcassets */,
				66EE0E2120E2D6ED0071FECF /* LaunchScreen.storyboard */,
				66EE0E2420E2D6ED0071FECF /* Info.plist */,
				66EE0E2520E2D6ED0071FECF /* main.m */,
			);
			path = Tipster;
			sourceTree = "<group>";
		};
		66EE0E2E20E2D6ED0071FECF /* TipsterTests */ = {
			isa = PBXGroup;
			children = (
				66EE0E2F20E2D6ED0071FECF /* TipsterTests.m */,
				66EE0E3120E2D6ED0071FECF /* Info.plist */,
			);
			path = TipsterTests;
			sourceTree = "<group>";
		};
		66EE0E3920E2D6ED0071FECF /* TipsterUITests */ = {
			isa = PBXGroup;
			children = (
				66EE0E3A20E2D6ED0071FECF /* TipsterUITests.m */,
				66EE0E3C20E2D6ED0071FECF /* Info.plist */,
			);
			path = TipsterUITests;
			sourceTree = "<group>";
		};
/* End PBXGroup section */

/* Begin PBXNativeTarget section */
		66EE0E1220E2D6EC0071FECF /* Tipster */ = {
			isa = PBXNativeTarget;
			buildConfigurationList = 66EE0E3F20E2D6ED0071FECF /* Build configuration list for PBXNativeTarget "Tipster" */;
			buildPhases = (
				66EE0E0F20E2D6EC0071FECF /* Sources */,
				66EE0E1020E2D6EC0071FECF /* Frameworks */,
				66EE0E1120E2D6EC0071FECF /* Resources */,
			);
			buildRules = (
			);
			dependencies = (
			);
			name = Tipster;
			productName = Tipster;
			productReference = 66EE0E1320E2D6EC0071FECF /* Tipster.app */;
			productType = "com.apple.product-type.application";
		};
		66EE0E2A20E2D6ED0071FECF /* TipsterTests */ = {
			isa = PBXNativeTarget;
			buildConfigurationList = 66EE0E4220E2D6ED0071FECF /* Build configuration list for PBXNativeTarget "TipsterTests" */;
			buildPhases = (
				66EE0E2720E2D6ED0071FECF /* Sources */,
				66EE0E2820E2D6ED0071FECF /* Frameworks */,
				66EE0E2920E2D6ED0071FECF /* Resources */,
			);
			buildRules = (
			);
			dependencies = (
				66EE0E2D20E2D6ED0071FECF /* PBXTargetDependency */,
			);
			name = TipsterTests;
			productName = TipsterTests;
			productReference = 66EE0E2B20E2D6ED0071FECF /* TipsterTests.xctest */;
			productType = "com.apple.product-type.bundle.unit-test";
		};
		66EE0E3520E2D6ED0071FECF /* TipsterUITests */ = {
			isa = PBXNativeTarget;
			buildConfigurationList = 66EE0E4520E2D6ED0071FECF /* Build configuration list for PBXNativeTarget "TipsterUITests" */;
			buildPhases = (
				66EE0E3220E2D6ED0071FECF /* Sources */,
				66EE0E3320E2D6ED0071FECF /* Frameworks */,
				66EE0E3420E2D6ED0071FECF /* Resources */,
			);
			buildRules = (
			);
			dependencies = (
				66EE0E3820E2D6ED0071FECF /* PBXTargetDependency */,
			);
			name = TipsterUITests;
			productName = TipsterUITests;
			productReference = 66EE0E3620E2D6ED0071FECF /* TipsterUITests.xctest */;
			productType = "com.apple.product-type.bundle.ui-testing";
		};
/* End PBXNativeTarget section */

/* Begin PBXProject section */
		66EE0E0B20E2D6EC0071FECF /* Project object */ = {
			isa = PBXProject;
			attributes = {
				LastUpgradeCheck = 0940;
				ORGANIZATIONNAME = codepath;
				TargetAttributes = {
					66EE0E1220E2D6EC0071FECF = {
						CreatedOnToolsVersion = 9.4.1;
					};
					66EE0E2A20E2D6ED0071FECF = {
						CreatedOnToolsVersion = 9.4.1;
						TestTargetID = 66EE0E1220E2D6EC0071FECF;
					};
					66EE0E3520E2D6ED0071FECF = {
						CreatedOnToolsVersion = 9.4.1;
						TestTargetID = 66EE0E1220E2D6EC0071FECF;
					};
				};
			};
			buildConfigurationList = 66EE0E0E20E2D6EC0071FECF /* Build configuration list for PBXProject "Tipster" */;
			compatibilityVersion = "Xcode 9.3";
			developmentRegion = en;
			hasScannedForEncodings = 0;
			knownRegions = (
				en,
				Base,
			);
			mainGroup = 66EE0E0A20E2D6EC0071FECF;
			productRefGroup = 66EE0E1420E2D6EC0071FECF /* Products */;
			projectDirPath = "";
			projectRoot = "";
			targets = (
				66EE0E1220E2D6EC0071FECF /* Tipster */,
				66EE0E2A20E2D6ED0071FECF /* TipsterTests */,
				66EE0E3520E2D6ED0071FECF /* TipsterUITests */,
			);
		};
/* End PBXProject section */

/* Begin PBXResourcesBuildPhase section */
		66EE0E1120E2D6EC0071FECF /* Resources */ = {
			isa = PBXResourcesBuildPhase;
			buildActionMask = 2147483647;
			files = (
				66EE0E2320E2D6ED0071FECF /* LaunchScreen.storyboard in Resources */,
				66EE0E2020E2D6ED0071FECF /* Assets.xcassets in Resources */,
				66EE0E1E20E2D6EC0071FECF /* Main.storyboard in Resources */,
			);
			runOnlyForDeploymentPostprocessing = 0;
		};
		66EE0E2920E2D6ED0071FECF /* Resources */ = {
			isa = PBXResourcesBuildPhase;
			buildActionMask = 2147483647;
			files = (
			);
			runOnlyForDeploymentPostprocessing = 0;
		};
		66EE0E3420E2D6ED0071FECF /* Resources */ = {
			isa = PBXResourcesBuildPhase;
			buildActionMask = 2147483647;
			files = (
			);
			runOnlyForDeploymentPostprocessing = 0;
		};
/* End PBXResourcesBuildPhase section */

/* Begin PBXSourcesBuildPhase section */
		66EE0E0F20E2D6EC0071FECF /* Sources */ = {
			isa = PBXSourcesBuildPhase;
			buildActionMask = 2147483647;
			files = (
				66EE0E1B20E2D6EC0071FECF /* ViewController.m in Sources */,
				66EE0E2620E2D6ED0071FECF /* main.m in Sources */,
				66EE0E1820E2D6EC0071FECF /* AppDelegate.m in Sources */,
				668C2D0320E310A00054D333 /* SettingsViewController.m in Sources */,
			);
			runOnlyForDeploymentPostprocessing = 0;
		};
		66EE0E2720E2D6ED0071FECF /* Sources */ = {
			isa = PBXSourcesBuildPhase;
			buildActionMask = 2147483647;
			files = (
				66EE0E3020E2D6ED0071FECF /* TipsterTests.m in Sources */,
			);
			runOnlyForDeploymentPostprocessing = 0;
		};
		66EE0E3220E2D6ED0071FECF /* Sources */ = {
			isa = PBXSourcesBuildPhase;
			buildActionMask = 2147483647;
			files = (
				66EE0E3B20E2D6ED0071FECF /* TipsterUITests.m in Sources */,
			);
			runOnlyForDeploymentPostprocessing = 0;
		};
/* End PBXSourcesBuildPhase section */

/* Begin PBXTargetDependency section */
		66EE0E2D20E2D6ED0071FECF /* PBXTargetDependency */ = {
			isa = PBXTargetDependency;
			target = 66EE0E1220E2D6EC0071FECF /* Tipster */;
			targetProxy = 66EE0E2C20E2D6ED0071FECF /* PBXContainerItemProxy */;
		};
		66EE0E3820E2D6ED0071FECF /* PBXTargetDependency */ = {
			isa = PBXTargetDependency;
			target = 66EE0E1220E2D6EC0071FECF /* Tipster */;
			targetProxy = 66EE0E3720E2D6ED0071FECF /* PBXContainerItemProxy */;
		};
/* End PBXTargetDependency section */

/* Begin PBXVariantGroup section */
		66EE0E1C20E2D6EC0071FECF /* Main.storyboard */ = {
			isa = PBXVariantGroup;
			children = (
				66EE0E1D20E2D6EC0071FECF /* Base */,
			);
			name = Main.storyboard;
			sourceTree = "<group>";
		};
		66EE0E2120E2D6ED0071FECF /* LaunchScreen.storyboard */ = {
			isa = PBXVariantGroup;
			children = (
				66EE0E2220E2D6ED0071FECF /* Base */,
			);
			name = LaunchScreen.storyboard;
			sourceTree = "<group>";
		};
/* End PBXVariantGroup section */

/* Begin XCBuildConfiguration section */
		66EE0E3D20E2D6ED0071FECF /* Debug */ = {
			isa = XCBuildConfiguration;
			buildSettings = {
				ALWAYS_SEARCH_USER_PATHS = NO;
				CLANG_ANALYZER_NONNULL = YES;
				CLANG_ANALYZER_NUMBER_OBJECT_CONVERSION = YES_AGGRESSIVE;
				CLANG_CXX_LANGUAGE_STANDARD = "gnu++14";
				CLANG_CXX_LIBRARY = "libc++";
				CLANG_ENABLE_MODULES = YES;
				CLANG_ENABLE_OBJC_ARC = YES;
				CLANG_ENABLE_OBJC_WEAK = YES;
				CLANG_WARN_BLOCK_CAPTURE_AUTORELEASING = YES;
				CLANG_WARN_BOOL_CONVERSION = YES;
				CLANG_WARN_COMMA = YES;
				CLANG_WARN_CONSTANT_CONVERSION = YES;
				CLANG_WARN_DEPRECATED_OBJC_IMPLEMENTATIONS = YES;
				CLANG_WARN_DIRECT_OBJC_ISA_USAGE = YES_ERROR;
				CLANG_WARN_DOCUMENTATION_COMMENTS = YES;
				CLANG_WARN_EMPTY_BODY = YES;
				CLANG_WARN_ENUM_CONVERSION = YES;
				CLANG_WARN_INFINITE_RECURSION = YES;
				CLANG_WARN_INT_CONVERSION = YES;
				CLANG_WARN_NON_LITERAL_NULL_CONVERSION = YES;
				CLANG_WARN_OBJC_IMPLICIT_RETAIN_SELF = YES;
				CLANG_WARN_OBJC_LITERAL_CONVERSION = YES;
				CLANG_WARN_OBJC_ROOT_CLASS = YES_ERROR;
				CLANG_WARN_RANGE_LOOP_ANALYSIS = YES;
				CLANG_WARN_STRICT_PROTOTYPES = YES;
				CLANG_WARN_SUSPICIOUS_MOVE = YES;
				CLANG_WARN_UNGUARDED_AVAILABILITY = YES_AGGRESSIVE;
				CLANG_WARN_UNREACHABLE_CODE = YES;
				CLANG_WARN__DUPLICATE_METHOD_MATCH = YES;
				CODE_SIGN_IDENTITY = "iPhone Developer";
				COPY_PHASE_STRIP = NO;
				DEBUG_INFORMATION_FORMAT = dwarf;
				ENABLE_STRICT_OBJC_MSGSEND = YES;
				ENABLE_TESTABILITY = YES;
				GCC_C_LANGUAGE_STANDARD = gnu11;
				GCC_DYNAMIC_NO_PIC = NO;
				GCC_NO_COMMON_BLOCKS = YES;
				GCC_OPTIMIZATION_LEVEL = 0;
				GCC_PREPROCESSOR_DEFINITIONS = (
					"DEBUG=1",
					"$(inherited)",
				);
				GCC_WARN_64_TO_32_BIT_CONVERSION = YES;
				GCC_WARN_ABOUT_RETURN_TYPE = YES_ERROR;
				GCC_WARN_UNDECLARED_SELECTOR = YES;
				GCC_WARN_UNINITIALIZED_AUTOS = YES_AGGRESSIVE;
				GCC_WARN_UNUSED_FUNCTION = YES;
				GCC_WARN_UNUSED_VARIABLE = YES;
				IPHONEOS_DEPLOYMENT_TARGET = 11.4;
				MTL_ENABLE_DEBUG_INFO = YES;
				ONLY_ACTIVE_ARCH = YES;
				SDKROOT = iphoneos;
			};
			name = Debug;
		};
		66EE0E3E20E2D6ED0071FECF /* Release */ = {
			isa = XCBuildConfiguration;
			buildSettings = {
				ALWAYS_SEARCH_USER_PATHS = NO;
				CLANG_ANALYZER_NONNULL = YES;
				CLANG_ANALYZER_NUMBER_OBJECT_CONVERSION = YES_AGGRESSIVE;
				CLANG_CXX_LANGUAGE_STANDARD = "gnu++14";
				CLANG_CXX_LIBRARY = "libc++";
				CLANG_ENABLE_MODULES = YES;
				CLANG_ENABLE_OBJC_ARC = YES;
				CLANG_ENABLE_OBJC_WEAK = YES;
				CLANG_WARN_BLOCK_CAPTURE_AUTORELEASING = YES;
				CLANG_WARN_BOOL_CONVERSION = YES;
				CLANG_WARN_COMMA = YES;
				CLANG_WARN_CONSTANT_CONVERSION = YES;
				CLANG_WARN_DEPRECATED_OBJC_IMPLEMENTATIONS = YES;
				CLANG_WARN_DIRECT_OBJC_ISA_USAGE = YES_ERROR;
				CLANG_WARN_DOCUMENTATION_COMMENTS = YES;
				CLANG_WARN_EMPTY_BODY = YES;
				CLANG_WARN_ENUM_CONVERSION = YES;
				CLANG_WARN_INFINITE_RECURSION = YES;
				CLANG_WARN_INT_CONVERSION = YES;
				CLANG_WARN_NON_LITERAL_NULL_CONVERSION = YES;
				CLANG_WARN_OBJC_IMPLICIT_RETAIN_SELF = YES;
				CLANG_WARN_OBJC_LITERAL_CONVERSION = YES;
				CLANG_WARN_OBJC_ROOT_CLASS = YES_ERROR;
				CLANG_WARN_RANGE_LOOP_ANALYSIS = YES;
				CLANG_WARN_STRICT_PROTOTYPES = YES;
				CLANG_WARN_SUSPICIOUS_MOVE = YES;
				CLANG_WARN_UNGUARDED_AVAILABILITY = YES_AGGRESSIVE;
				CLANG_WARN_UNREACHABLE_CODE = YES;
				CLANG_WARN__DUPLICATE_METHOD_MATCH = YES;
				CODE_SIGN_IDENTITY = "iPhone Developer";
				COPY_PHASE_STRIP = NO;
				DEBUG_INFORMATION_FORMAT = "dwarf-with-dsym";
				ENABLE_NS_ASSERTIONS = NO;
				ENABLE_STRICT_OBJC_MSGSEND = YES;
				GCC_C_LANGUAGE_STANDARD = gnu11;
				GCC_NO_COMMON_BLOCKS = YES;
				GCC_WARN_64_TO_32_BIT_CONVERSION = YES;
				GCC_WARN_ABOUT_RETURN_TYPE = YES_ERROR;
				GCC_WARN_UNDECLARED_SELECTOR = YES;
				GCC_WARN_UNINITIALIZED_AUTOS = YES_AGGRESSIVE;
				GCC_WARN_UNUSED_FUNCTION = YES;
				GCC_WARN_UNUSED_VARIABLE = YES;
				IPHONEOS_DEPLOYMENT_TARGET = 11.4;
				MTL_ENABLE_DEBUG_INFO = NO;
				SDKROOT = iphoneos;
				VALIDATE_PRODUCT = YES;
			};
			name = Release;
		};
		66EE0E4020E2D6ED0071FECF /* Debug */ = {
			isa = XCBuildConfiguration;
			buildSettings = {
				ASSETCATALOG_COMPILER_APPICON_NAME = AppIcon;
				CODE_SIGN_STYLE = Automatic;
				DEVELOPMENT_TEAM = 6H3UNJFN69;
				INFOPLIST_FILE = Tipster/Info.plist;
				IPHONEOS_DEPLOYMENT_TARGET = 11.3;
				LD_RUNPATH_SEARCH_PATHS = (
					"$(inherited)",
					"@executable_path/Frameworks",
				);
				PRODUCT_BUNDLE_IDENTIFIER = com.ezra.Tipster;
				PRODUCT_NAME = "$(TARGET_NAME)";
				TARGETED_DEVICE_FAMILY = "1,2";
			};
			name = Debug;
		};
		66EE0E4120E2D6ED0071FECF /* Release */ = {
			isa = XCBuildConfiguration;
			buildSettings = {
				ASSETCATALOG_COMPILER_APPICON_NAME = AppIcon;
				CODE_SIGN_STYLE = Automatic;
				DEVELOPMENT_TEAM = 6H3UNJFN69;
				INFOPLIST_FILE = Tipster/Info.plist;
				IPHONEOS_DEPLOYMENT_TARGET = 11.3;
				LD_RUNPATH_SEARCH_PATHS = (
					"$(inherited)",
					"@executable_path/Frameworks",
				);
				PRODUCT_BUNDLE_IDENTIFIER = com.ezra.Tipster;
				PRODUCT_NAME = "$(TARGET_NAME)";
				TARGETED_DEVICE_FAMILY = "1,2";
			};
			name = Release;
		};
		66EE0E4320E2D6ED0071FECF /* Debug */ = {
			isa = XCBuildConfiguration;
			buildSettings = {
				BUNDLE_LOADER = "$(TEST_HOST)";
				CODE_SIGN_STYLE = Automatic;
				INFOPLIST_FILE = TipsterTests/Info.plist;
				LD_RUNPATH_SEARCH_PATHS = (
					"$(inherited)",
					"@executable_path/Frameworks",
					"@loader_path/Frameworks",
				);
				PRODUCT_BUNDLE_IDENTIFIER = com.codepath.TipsterTests;
				PRODUCT_NAME = "$(TARGET_NAME)";
				TARGETED_DEVICE_FAMILY = "1,2";
				TEST_HOST = "$(BUILT_PRODUCTS_DIR)/Tipster.app/Tipster";
			};
			name = Debug;
		};
		66EE0E4420E2D6ED0071FECF /* Release */ = {
			isa = XCBuildConfiguration;
			buildSettings = {
				BUNDLE_LOADER = "$(TEST_HOST)";
				CODE_SIGN_STYLE = Automatic;
				INFOPLIST_FILE = TipsterTests/Info.plist;
				LD_RUNPATH_SEARCH_PATHS = (
					"$(inherited)",
					"@executable_path/Frameworks",
					"@loader_path/Frameworks",
				);
				PRODUCT_BUNDLE_IDENTIFIER = com.codepath.TipsterTests;
				PRODUCT_NAME = "$(TARGET_NAME)";
				TARGETED_DEVICE_FAMILY = "1,2";
				TEST_HOST = "$(BUILT_PRODUCTS_DIR)/Tipster.app/Tipster";
			};
			name = Release;
		};
		66EE0E4620E2D6ED0071FECF /* Debug */ = {
			isa = XCBuildConfiguration;
			buildSettings = {
				CODE_SIGN_STYLE = Automatic;
				INFOPLIST_FILE = TipsterUITests/Info.plist;
				LD_RUNPATH_SEARCH_PATHS = (
					"$(inherited)",
					"@executable_path/Frameworks",
					"@loader_path/Frameworks",
				);
				PRODUCT_BUNDLE_IDENTIFIER = com.codepath.TipsterUITests;
				PRODUCT_NAME = "$(TARGET_NAME)";
				TARGETED_DEVICE_FAMILY = "1,2";
				TEST_TARGET_NAME = Tipster;
			};
			name = Debug;
		};
		66EE0E4720E2D6ED0071FECF /* Release */ = {
			isa = XCBuildConfiguration;
			buildSettings = {
				CODE_SIGN_STYLE = Automatic;
				INFOPLIST_FILE = TipsterUITests/Info.plist;
				LD_RUNPATH_SEARCH_PATHS = (
					"$(inherited)",
					"@executable_path/Frameworks",
					"@loader_path/Frameworks",
				);
				PRODUCT_BUNDLE_IDENTIFIER = com.codepath.TipsterUITests;
				PRODUCT_NAME = "$(TARGET_NAME)";
				TARGETED_DEVICE_FAMILY = "1,2";
				TEST_TARGET_NAME = Tipster;
			};
			name = Release;
		};
/* End XCBuildConfiguration section */

/* Begin XCConfigurationList section */
		66EE0E0E20E2D6EC0071FECF /* Build configuration list for PBXProject "Tipster" */ = {
			isa = XCConfigurationList;
			buildConfigurations = (
				66EE0E3D20E2D6ED0071FECF /* Debug */,
				66EE0E3E20E2D6ED0071FECF /* Release */,
			);
			defaultConfigurationIsVisible = 0;
			defaultConfigurationName = Release;
		};
		66EE0E3F20E2D6ED0071FECF /* Build configuration list for PBXNativeTarget "Tipster" */ = {
			isa = XCConfigurationList;
			buildConfigurations = (
				66EE0E4020E2D6ED0071FECF /* Debug */,
				66EE0E4120E2D6ED0071FECF /* Release */,
			);
			defaultConfigurationIsVisible = 0;
			defaultConfigurationName = Release;
		};
		66EE0E4220E2D6ED0071FECF /* Build configuration list for PBXNativeTarget "TipsterTests" */ = {
			isa = XCConfigurationList;
			buildConfigurations = (
				66EE0E4320E2D6ED0071FECF /* Debug */,
				66EE0E4420E2D6ED0071FECF /* Release */,
			);
			defaultConfigurationIsVisible = 0;
			defaultConfigurationName = Release;
		};
		66EE0E4520E2D6ED0071FECF /* Build configuration list for PBXNativeTarget "TipsterUITests" */ = {
			isa = XCConfigurationList;
			buildConfigurations = (
				66EE0E4620E2D6ED0071FECF /* Debug */,
				66EE0E4720E2D6ED0071FECF /* Release */,
			);
			defaultConfigurationIsVisible = 0;
			defaultConfigurationName = Release;
		};
/* End XCConfigurationList section */
	};
	rootObject = 66EE0E0B20E2D6EC0071FECF /* Project object */;
}
